{
  "name": "tamyz-ops",
  "version": "0.1.0",
  "lockfileVersion": 3,
  "requires": true,
  "packages": {
    "": {
      "name": "tamyz-ops",
      "version": "0.1.0",
      "dependencies": {
        "@fontsource-variable/ibm-plex-sans": "5.2.8",
        "better-sqlite3": "12.11.1",
        "drizzle-orm": "0.45.2",
        "exceljs": "4.4.0",
        "lucide-react": "1.24.0",
        "next": "16.2.10",
        "react": "19.2.7",
        "react-dom": "19.2.7",
        "zod": "4.4.3"
      },
      "devDependencies": {
        "@playwright/test": "1.61.1",
        "@tailwindcss/postcss": "4.3.2",
        "@types/better-sqlite3": "7.6.13",
        "@types/node": "26.1.1",
        "@types/react": "19.2.17",
        "@types/react-dom": "19.2.3",
        "drizzle-kit": "0.31.10",
        "eslint": "9.39.4",
        "eslint-config-next": "16.2.10",
        "tailwindcss": "4.3.2",
        "tsx": "4.23.0",
        "typescript": "5.9.3",
        "vitest": "4.1.10"
      },
      "engines": {
        "node": ">=20.9.0"
      }
    },
    "node_modules/@alloc/quick-lru": {
      "version": "5.2.0",
      "resolved": "https://registry.npmjs.org/@alloc/quick-lru/-/quick-lru-5.2.0.tgz",
      "integrity": "sha512-UrcABB+4bUrFABwbluTIBErXwvbsU/V7TZWfmbgJfbkwiBuziS9gxdODUyuiecfdGQ85jglMW6juS3+z5TsKLw==",
      "dev": true,
      "license": "MIT",
      "engines": {
        "node": ">=10"
      },
      "funding": {
        "url": "https://github.com/sponsors/sindresorhus"
      }
    },
    "node_modules/@babel/code-frame": {
      "version": "7.29.7",
      "resolved": "https://registry.npmjs.org/@babel/code-frame/-/code-frame-7.29.7.tgz",
      "integrity": "sha512-Aup7aUOfpbAUg2ROOJN6Iw5f9DMBlzu0mIkm/malLQFN/YQgO48wCj0Kxa3sEHJvPVFg7siR+qRInwXd2qhQKw==",
      "dev": true,
      "license": "MIT",
      "dependencies": {
        "@babel/helper-validator-identifier": "^7.29.7",
        "js-tokens": "^4.0.0",
        "picocolors": "^1.1.1"
      },
      "engines": {
        "node": ">=6.9.0"
      }
    },
    "node_modules/@babel/compat-data": {
      "version": "7.29.7",
      "resolved": "https://registry.npmjs.org/@babel/compat-data/-/compat-data-7.29.7.tgz",
      "integrity": "sha512-locTkQyKvwIEgBzVrn8693ebc97F2U8ZHjbXwDXJ5Fn2TCpNwTlKcaKLkdHop5c/icOFE7qt7Q9JC5hnKNa6Gg==",
      "dev": true,
      "license": "MIT",
      "engines": {
        "node": ">=6.9.0"
      }
    },
    "node_modules/@babel/core": {
      "version": "7.29.7",
      "resolved": "https://registry.npmjs.org/@babel/core/-/core-7.29.7.tgz",
      "integrity": "sha512-RgHBCvtjbOK2gXSNBNIkNoEc9qoVEtau3hj8gEqKQuL3HZAibKarWFEI3Lfm6EYKkLalOh8eSrj9b+ch9H/VBA==",
      "dev": true,
      "license": "MIT",
      "dependencies": {
        "@babel/code-frame": "^7.29.7",
        "@babel/generator": "^7.29.7",
        "@babel/helper-compilation-targets": "^7.29.7",
        "@babel/helper-module-transforms": "^7.29.7",
        "@babel/helpers": "^7.29.7",
        "@babel/parser": "^7.29.7",
        "@babel/template": "^7.29.7",
        "@babel/traverse": "^7.29.7",
        "@babel/types": "^7.29.7",
        "@jridgewell/remapping": "^2.3.5",
        "convert-source-map": "^2.0.0",
        "debug": "^4.1.0",
        "gensync": "^1.0.0-beta.2",
        "json5": "^2.2.3",
        "semver": "^6.3.1"
      },
      "engines": {
        "node": ">=6.9.0"
      },
      "funding": {
        "type": "opencollective",
        "url": "https://opencollective.com/babel"
      }
    },
    "node_modules/@babel/generator": {
      "version": "7.29.7",
      "resolved": "https://registry.npmjs.org/@babel/generator/-/generator-7.29.7.tgz",
      "integrity": "sha512-DkXD5OJQaAQIdZ1bt3UZdEnHAn9Imd3IVBdX03UFe+ony9Ojw5pzr9YVKGDY1jt+Gcn/FnGkNf8r+Vj5NOJWtQ==",
      "dev": true,
      "license": "MIT",
      "dependencies": {
        "@babel/parser": "^7.29.7",
        "@babel/types": "^7.29.7",
        "@jridgewell/gen-mapping": "^0.3.12",
        "@jridgewell/trace-mapping": "^0.3.28",
        "jsesc": "^3.0.2"
      },
      "engines": {
        "node": ">=6.9.0"
      }
    },
    "node_modules/@babel/helper-compilation-targets": {
      "version": "7.29.7",
      "resolved": "https://registry.npmjs.org/@babel/helper-compilation-targets/-/helper-compilation-targets-7.29.7.tgz",
      "integrity": "sha512-wem6WaBj4NaVYVdNhLPPVacES6ZJ+KBBfSkTMD3YZxbP3rm3Di85tJU5ljaUNhaOynt+Aj0xruhYuzQBt8n71g==",
      "dev": true,
      "license": "MIT",
      "dependencies": {
        "@babel/compat-data": "^7.29.7",
        "@babel/helper-validator-option": "^7.29.7",
        "browserslist": "^4.24.0",
        "lru-cache": "^5.1.1",
        "semver": "^6.3.1"
      },
      "engines": {
        "node": ">=6.9.0"
      }
    },
    "node_modules/@babel/helper-globals": {
      "version": "7.29.7",
      "resolved": "https://registry.npmjs.org/@babel/helper-globals/-/helper-globals-7.29.7.tgz",
      "integrity": "sha512-3nQVUAtvkKH9zahfWgw96Jc/uFOmjACE1kQz82E2lqWmHBgjzbNlsC22nuQTfahmWeQtTq5nQ/4Nnd2A1wj4zA==",
      "dev": true,
      "license": "MIT",
      "engines": {
        "node": ">=6.9.0"
      }
    },
    "node_modules/@babel/helper-module-imports": {
      "version": "7.29.7",
      "resolved": "https://registry.npmjs.org/@babel/helper-module-imports/-/helper-module-imports-7.29.7.tgz",
      "integrity": "sha512-ejHwrQQYcm9xnTivShn2IDOlIzInN34AXskvq9QicvCtEzq1Vzclu/tKF8Jq1Cg8JG2GL6/EmjgsCT7lXepE3g==",
      "dev": true,
      "license": "MIT",
      "dependencies": {
        "@babel/traverse": "^7.29.7",
        "@babel/types": "^7.29.7"
      },
      "engines": {
        "node": ">=6.9.0"
      }
    },
    "node_modules/@babel/helper-module-transforms": {
      "version": "7.29.7",
      "resolved": "https://registry.npmjs.org/@babel/helper-module-transforms/-/helper-module-transforms-7.29.7.tgz",
      "integrity": "sha512-UPUVSyXbOh627KiCIGQSgwWzGeBKLkaJ9PJEdrngIwMSzxLR4jS4+f1f1jb7VzBbg8nFLaYotvVPFCTqdrmTAg==",
      "dev": true,
      "license": "MIT",
      "dependencies": {
        "@babel/helper-module-imports": "^7.29.7",
        "@babel/helper-validator-identifier": "^7.29.7",
        "@babel/traverse": "^7.29.7"
      },
      "engines": {
        "node": ">=6.9.0"
      },
      "peerDependencies": {
        "@babel/core": "^7.0.0"
      }
    },
    "node_modules/@babel/helper-string-parser": {
      "version": "7.29.7",
      "resolved": "https://registry.npmjs.org/@babel/helper-string-parser/-/helper-string-parser-7.29.7.tgz",
      "integrity": "sha512-Pb5ijPrZ89GDH8223L4UP8i6QApWxs04RbPQJTeWDV0/keR2E36MeKnyr6LYmUUvqRRI+Iv87SuF1W6ErINzYw==",
      "dev": true,
      "license": "MIT",
      "engines": {
        "node": ">=6.9.0"
      }
    },
    "node_modules/@babel/helper-validator-identifier": {
      "version": "7.29.7",
      "resolved": "https://registry.npmjs.org/@babel/helper-validator-identifier/-/helper-validator-identifier-7.29.7.tgz",
      "integrity": "sha512-qehxGkRj55h/ff8EMaJ+cYhyaKlHIxqYDn682wQD7RNp9UujOQsHog2uS0r2vzr4pW+sXf90NeeayjcNaX3fFg==",
      "dev": true,
      "license": "MIT",
      "engines": {
        "node": ">=6.9.0"
      }
    },
    "node_modules/@babel/helper-validator-option": {
      "version": "7.29.7",
      "resolved": "https://registry.npmjs.org/@babel/helper-validator-option/-/helper-validator-option-7.29.7.tgz",
      "integrity": "sha512-N9ZErrD+yW5geCDtBqnOoxmR8+tNKiGuxKlDpuJxfsqpa2dFcexaziGAE/qoHLiDDreVNMupxGmSoNlyvsA3gw==",
      "dev": true,
      "license": "MIT",
      "engines": {
        "node": ">=6.9.0"
      }
    },
    "node_modules/@babel/helpers": {
      "version": "7.29.7",
      "resolved": "https://registry.npmjs.org/@babel/helpers/-/helpers-7.29.7.tgz",
      "integrity": "sha512-1k2lAGRMfHTcwuNYcCNUmaUffmQv8KWMfh2iJUUeRlwlwH4FdNG7mfPI10NPfLHJFThE4Tyr4mv7kTNZOiPuBg==",
      "dev": true,
      "license": "MIT",
      "dependencies": {
        "@babel/template": "^7.29.7",
        "@babel/types": "^7.29.7"
      },
      "engines": {
        "node": ">=6.9.0"
      }
    },
    "node_modules/@babel/parser": {
      "version": "7.29.7",
      "resolved": "https://registry.npmjs.org/@babel/parser/-/parser-7.29.7.tgz",
      "integrity": "sha512-hnORnjP/1P/zFEndoeX+n+t1RwWRJiJpM/jO7FW32Kn9r5+sJB2JWOdYo4L6k78j15eCwY3Gm/7364B1EMwtNg==",
      "dev": true,
      "license": "MIT",
      "dependencies": {
        "@babel/types": "^7.29.7"
      },
      "bin": {
        "parser": "bin/babel-parser.js"
      },
      "engines": {
        "node": ">=6.0.0"
      }
    },
    "node_modules/@babel/template": {
      "version": "7.29.7",
      "resolved": "https://registry.npmjs.org/@babel/template/-/template-7.29.7.tgz",
      "integrity": "sha512-puq+Gf35oI24FeN11LkoUQFqv9uwNeWpxXZi/Ji3rRIoKAzKnxRaZ+Gkj0vKS9ZCiTESfng1N9LyOyXvo+m+Gg==",
      "dev": true,
      "license": "MIT",
      "dependencies": {
        "@babel/code-frame": "^7.29.7",
        "@babel/parser": "^7.29.7",
        "@babel/types": "^7.29.7"
      },
      "engines": {
        "node": ">=6.9.0"
      }
    },
    "node_modules/@babel/traverse": {
      "version": "7.29.7",
      "resolved": "https://registry.npmjs.org/@babel/traverse/-/traverse-7.29.7.tgz",
      "integrity": "sha512-EhlfNQtZ+NK22w5BM61ciuiq1m58ed33Wr1Xan//ZRTy6hgjnwyCffRYwzsGXdASJSUJ1guZILsErh1eQcl+zw==",
      "dev": true,
      "license": "MIT",
      "dependencies": {
        "@babel/code-frame": "^7.29.7",
        "@babel/generator": "^7.29.7",
        "@babel/helper-globals": "^7.29.7",
        "@babel/parser": "^7.29.7",
        "@babel/template": "^7.29.7",
        "@babel/types": "^7.29.7",
        "debug": "^4.3.1"
      },
      "engines": {
        "node": ">=6.9.0"
      }
    },
    "node_modules/@babel/types": {
      "version": "7.29.7",
      "resolved": "https://registry.npmjs.org/@babel/types/-/types-7.29.7.tgz",
      "integrity": "sha512-4zBIxpPzowiZpusoFkyGVwakdRJUyuH5PxQ/PrqghfdFWWasvnCdPfQXHrenDai+gyLARulZjZowCOj6fjT4pA==",
      "dev": true,
      "license": "MIT",
      "dependencies": {
        "@babel/helper-string-parser": "^7.29.7",
        "@babel/helper-validator-identifier": "^7.29.7"
      },
      "engines": {
        "node": ">=6.9.0"
      }
    },
    "node_modules/@drizzle-team/brocli": {
      "version": "0.10.2",
      "resolved": "https://registry.npmjs.org/@drizzle-team/brocli/-/brocli-0.10.2.tgz",
      "integrity": "sha512-z33Il7l5dKjUgGULTqBsQBQwckHh5AbIuxhdsIxDDiZAzBOrZO6q9ogcWC65kU382AfynTfgNumVcNIjuIua6w==",
      "dev": true,
      "license": "Apache-2.0"
    },
    "node_modules/@emnapi/core": {
      "version": "1.10.0",
      "resolved": "https://registry.npmjs.org/@emnapi/core/-/core-1.10.0.tgz",
      "integrity": "sha512-yq6OkJ4p82CAfPl0u9mQebQHKPJkY7WrIuk205cTYnYe+k2Z8YBh11FrbRG/H6ihirqcacOgl2BIO8oyMQLeXw==",
      "dev": true,
      "license": "MIT",
      "optional": true,
      "dependencies": {
        "@emnapi/wasi-threads": "1.2.1",
        "tslib": "^2.4.0"
      }
    },
    "node_modules/@emnapi/runtime": {
      "version": "1.11.2",
      "resolved": "https://registry.npmjs.org/@emnapi/runtime/-/runtime-1.11.2.tgz",
      "integrity": "sha512-kyOl3X0DuTiT1h2ft8r2fYO8JYtU9a9Xis/zBSiGArNaagCOWx90N1k2wxp18czFDH+OgcWGb5ZP/XMt3dcyPA==",
      "license": "MIT",
      "optional": true,
      "dependencies": {
        "tslib": "^2.4.0"
      }
    },
    "node_modules/@emnapi/wasi-threads": {
      "version": "1.2.1",
      "resolved": "https://registry.npmjs.org/@emnapi/wasi-threads/-/wasi-threads-1.2.1.tgz",
      "integrity": "sha512-uTII7OYF+/Mes/MrcIOYp5yOtSMLBWSIoLPpcgwipoiKbli6k322tcoFsxoIIxPDqW01SQGAgko4EzZi2BNv2w==",
      "dev": true,
      "license": "MIT",
      "optional": true,
      "dependencies": {
        "tslib": "^2.4.0"
      }
    },
    "node_modules/@esbuild-kit/core-utils": {
      "version": "3.3.2",
      "resolved": "https://registry.npmjs.org/@esbuild-kit/core-utils/-/core-utils-3.3.2.tgz",
      "integrity": "sha512-sPRAnw9CdSsRmEtnsl2WXWdyquogVpB3yZ3dgwJfe8zrOzTsV7cJvmwrKVa+0ma5BoiGJ+BoqkMvawbayKUsqQ==",
      "deprecated": "Merged into tsx: https://tsx.is",
      "dev": true,
      "license": "MIT",
      "dependencies": {
        "esbuild": "~0.18.20",
        "source-map-support": "^0.5.21"
      }
    },
    "node_modules/@esbuild-kit/core-utils/node_modules/@esbuild/android-arm": {
      "version": "0.18.20",
      "resolved": "https://registry.npmjs.org/@esbuild/android-arm/-/android-arm-0.18.20.tgz",
      "integrity": "sha512-fyi7TDI/ijKKNZTUJAQqiG5T7YjJXgnzkURqmGj13C6dCqckZBLdl4h7bkhHt/t0WP+zO9/zwroDvANaOqO5Sw==",
      "cpu": [
        "arm"
      ],
      "dev": true,
      "license": "MIT",
      "optional": true,
      "os": [
        "android"
      ],
      "engines": {
        "node": ">=12"
      }
    },
    "node_modules/@esbuild-kit/core-utils/node_modules/@esbuild/android-arm64": {
      "version": "0.18.20",
      "resolved": "https://registry.npmjs.org/@esbuild/android-arm64/-/android-arm64-0.18.20.tgz",
      "integrity": "sha512-Nz4rJcchGDtENV0eMKUNa6L12zz2zBDXuhj/Vjh18zGqB44Bi7MBMSXjgunJgjRhCmKOjnPuZp4Mb6OKqtMHLQ==",
      "cpu": [
        "arm64"
      ],
      "dev": true,
      "license": "MIT",
      "optional": true,
      "os": [
        "android"
      ],
      "engines": {
        "node": ">=12"
      }
    },
    "node_modules/@esbuild-kit/core-utils/node_modules/@esbuild/android-x64": {
      "version": "0.18.20",
      "resolved": "https://registry.npmjs.org/@esbuild/android-x64/-/android-x64-0.18.20.tgz",
      "integrity": "sha512-8GDdlePJA8D6zlZYJV/jnrRAi6rOiNaCC/JclcXpB+KIuvfBN4owLtgzY2bsxnx666XjJx2kDPUmnTtR8qKQUg==",
      "cpu": [
        "x64"
      ],
      "dev": true,
      "license": "MIT",
      "optional": true,
      "os": [
        "android"
      ],
      "engines": {
        "node": ">=12"
      }
    },
    "node_modules/@esbuild-kit/core-utils/node_modules/@esbuild/darwin-arm64": {
      "version": "0.18.20",
      "resolved": "https://registry.npmjs.org/@esbuild/darwin-arm64/-/darwin-arm64-0.18.20.tgz",
      "integrity": "sha512-bxRHW5kHU38zS2lPTPOyuyTm+S+eobPUnTNkdJEfAddYgEcll4xkT8DB9d2008DtTbl7uJag2HuE5NZAZgnNEA==",
      "cpu": [
        "arm64"
      ],
      "dev": true,
      "license": "MIT",
      "optional": true,
      "os": [
        "darwin"
      ],
      "engines": {
        "node": ">=12"
      }
    },
    "node_modules/@esbuild-kit/core-utils/node_modules/@esbuild/darwin-x64": {
      "version": "0.18.20",
      "resolved": "https://registry.npmjs.org/@esbuild/darwin-x64/-/darwin-x64-0.18.20.tgz",
      "integrity": "sha512-pc5gxlMDxzm513qPGbCbDukOdsGtKhfxD1zJKXjCCcU7ju50O7MeAZ8c4krSJcOIJGFR+qx21yMMVYwiQvyTyQ==",
      "cpu": [
        "x64"
      ],
      "dev": true,
      "license": "MIT",
      "optional": true,
      "os": [
        "darwin"
      ],
      "engines": {
        "node": ">=12"
      }
    },
    "node_modules/@esbuild-kit/core-utils/node_modules/@esbuild/freebsd-arm64": {
      "version": "0.18.20",
 ×]7ë«h‘éì¶»§q«^tÙ[œÙHŽˆ”ÑL‹PÛ]\ÙH‹ˆ™\[™[˜ÚY\ÈŽˆÂˆœ[žXÛÙHŽˆ—Œ‹ŒKŒ‚ˆBˆKˆ››ÙWÛ[Ù[\ËÝ][Y\™XØ]HŽˆÂˆ™\œÚ[ÛˆŽˆŒKŒŒˆ‹ˆœ™\ÛÛ™YŽˆšÎ‹ËÜ™YÚ\ÝžK›œZœË›Ü™ËÝ][Y\™XØ]KËKÝ][Y\™XØ]KLKŒŒ‹Þˆ‹ˆš[YÜš]HŽˆœÚMLL‹QT\L]VQžœÜ“ØÌ[’œLÙÓØM‘›ØÐRZRL•TÐÐMÕÒŒUR‘XYÐÞ’ZÖœÕVY‘YRËËÓTNRXœ’ÝÏOH‹ˆ›XÙ[œÙHŽˆ“RU‚ˆKˆ››ÙWÛ[Ù[\ËÝ]ZYŽˆÂˆ™\œÚ[ÛˆŽˆŽŒËŒˆ‹ˆœ™\ÛÛ™YŽˆšÎ‹ËÜ™YÚ\ÝžK›œZœË›Ü™ËÝ]ZYËKÝ]ZYNŒËŒ‹Þˆ‹ˆš[YÜš]HŽˆœÚMLL‹JÓ–\Ì”YSUÞJÑÕÑ“Ñ[N^›’ÑÔP‘Û[“[RŠÎLÔMS‘Œ›ØÑ\›ÚÕÖ‘“šVËÙœÍ˜Y”Î‹ÙÞÔÙYÏOH‹ˆ™\™XØ]YŽˆ]ZYL[™™[ÝÈ\È›ÈÛ™Ù\ˆÝ\ÜYˆ›ÜˆTÓHÛÙX˜\Ù\Ë\]HÈ]ZY]\Ýˆ›ÜˆÛÛ[[Û’”ÈÛÙX˜\Ù\Ë\ÙH]ZYLH
]™H]Ø\™H\È™\œÚ[ÛˆÚ[ZÙ[H™H\™XØ]Y[ˆŒŽ
Kˆ‹ˆ›XÙ[œÙHŽˆ“RU‹ˆ˜š[ˆŽˆÂˆ]ZYŽˆ™\ÝØš[‹Ý]ZY‚ˆBˆKˆ››ÙWÛ[Ù[\ËÝš]\ÝŽˆÂˆ™\œÚ[ÛˆŽˆŒKŒL‹ˆœ™\ÛÛ™YŽˆšÎ‹ËÜ™YÚ\ÝžK›œZœË›Ü™ËÝš]\ÝËKÝš]\ÝMŒKŒLÞˆ‹ˆš[YÜš]HŽˆœÚMLL‹TŽZ•UMTÍXŒÙœ\ÍÛÑØÜ“\ÜÓT‘ÖÎXš•ÜÕÎU’QÑŽLVLÑ“NPXœTÚÍ›“ÞÓ’–VŒLÑÕTÏOH‹ˆ™]ˆŽˆYKˆ›XÙ[œÙHŽˆ“RU‹ˆ™\[™[˜ÚY\ÈŽˆÂˆš]\ÝÙ^XÝŽˆŒKŒL‹ˆš]\ÝÛ[ØÚÙ\ˆŽˆŒKŒL‹ˆš]\ÝÜ™]KY›Ü›X]ŽˆŒKŒL‹ˆš]\ÝÜ[›™\ˆŽˆŒKŒL‹ˆš]\ÝÜÛ˜\ÚÝŽˆŒKŒL‹ˆš]\ÝÜÜHŽˆŒKŒL‹ˆš]\ÝÝ][ÈŽˆŒKŒL‹ˆ™\Ë[[Ù[K[^\ˆŽˆ—Œ‹ŒŒ‹ˆ™^XÝ]\HŽˆ—ŒKŒËŒ‹ˆ›XYÚXË\Ýš[™ÈŽˆ—ŒŒÌŒŒH‹ˆ›ØYÈŽˆ—Œ‹ŒKŒH‹ˆœ]HŽˆ—Œ‹ŒŒÈ‹ˆœXÛÛX]ÚŽˆ—ŒŒÈ‹ˆœÝY[ˆŽˆ—ŒŒ\˜ËŒH‹ˆ[žX™[˜ÚŽˆ—Œ‹ŽKŒ‹ˆ[žY^XÈŽˆ—ŒKŒŒˆ‹ˆ[žYÛØ˜žHŽˆ—ŒŒ‹ŒMH‹ˆ[ž\˜Z[˜›ÝÈŽˆ—ŒËŒKŒ‹ˆš]HŽˆ—‹ŒŒËŒŒŽŒŒ‹ˆÚKZ\Ë[›ÙK\[›š[™ÈŽˆ—Œ‹ŒËŒ‚ˆKˆ˜š[ˆŽˆÂˆš]\ÝŽˆš]\Ý›ZœÈ‚ˆKˆ™[™Ú[™\ÈŽˆÂˆ››ÙHŽˆ—ŒŒŒŒŒŒ‹ŒŒLŒŒ‚ˆKˆ™[™[™ÈŽˆÂˆ\›ŽˆšÎ‹ËÛÜ[˜ÛÛXÝ]™K˜ÛÛKÝš]\Ý‚ˆKˆœY\‘\[™[˜ÚY\ÈŽˆÂˆYÙK\[[YKÝ›HŽˆŠˆ‹ˆÜ[[[Y]žKØ\HŽˆ—ŒKŽKŒ‹ˆ\\ËÛ›ÙHŽˆ—ŒŒŒŒŒŒ‹ŒŒLŒŒ‹ˆš]\ÝØœ›ÝÜÙ\‹\^]ÜšYÚŽˆŒKŒL‹ˆš]\ÝØœ›ÝÜÙ\‹\™]šY]ÈŽˆŒKŒL‹ˆš]\ÝØœ›ÝÜÙ\‹]ÙX™š]™\š[ÈŽˆŒKŒL‹ˆš]\ÝØÛÝ™\˜YÙKZ\Ý[˜[ŽˆŒKŒL‹ˆš]\ÝØÛÝ™\˜YÙK]ŽŽˆŒKŒL‹ˆš]\ÝÝZHŽˆŒKŒL‹ˆš\KYÛHŽˆŠˆ‹ˆšœÙÛHŽˆŠˆ‹ˆš]HŽˆ—‹ŒŒËŒŒŽŒŒ‚ˆKˆœY\‘\[™[˜ÚY\ÓY]HŽˆÂˆYÙK\[[YKÝ›HŽˆÂˆ›Ü[Û˜[ŽˆYBˆKˆÜ[[[Y]žKØ\HŽˆÂˆ›Ü[Û˜[ŽˆYBˆKˆ\\ËÛ›ÙHŽˆÂˆ›Ü[Û˜[ŽˆYBˆKˆš]\ÝØœ›ÝÜÙ\‹\^]ÜšYÚŽˆÂˆ›Ü[Û˜[ŽˆYBˆKˆš]\ÝØœ›ÝÜÙ\‹\™]šY]ÈŽˆÂˆ›Ü[Û˜[ŽˆYBˆKˆš]\ÝØœ›ÝÜÙ\‹]ÙX™š]™\š[ÈŽˆÂˆ›Ü[Û˜[ŽˆYBˆKˆš]\ÝØÛÝ™\˜YÙKZ\Ý[˜[ŽˆÂˆ›Ü[Û˜[ŽˆYBˆKˆš]\ÝØÛÝ™\˜YÙK]ŽŽˆÂˆ›Ü[Û˜[ŽˆYBˆKˆš]\ÝÝZHŽˆÂˆ›Ü[Û˜[ŽˆYBˆKˆš\KYÛHŽˆÂˆ›Ü[Û˜[ŽˆYBˆKˆšœÙÛHŽˆÂˆ›Ü[Û˜[ŽˆYBˆKˆš]HŽˆÂˆ›Ü[Û˜[Žˆ˜[ÙBˆBˆBˆKˆ››ÙWÛ[Ù[\ËÝš]\ÝÛ›ÙWÛ[Ù[\ËÐš]\ÝÛ[ØÚÙ\ˆŽˆÂˆ™\œÚ[ÛˆŽˆŒKŒL‹ˆœ™\ÛÛ™YŽˆšÎ‹ËÜ™YÚ\ÝžK›œZœË›Ü™ËÐš]\ÝÛ[ØÚÙ\‹ËKÛ[ØÚÙ\‹MŒKŒLÞˆ‹ˆš[YÜš]HŽˆœÚMLL‹]ŒY^
ÑÑ[RÙ˜^ÌLÌÛQÓÙÖ™LSY”TUYœÎÜV’]Øž^VUTš]ÕÜÕÞMYœ[ŒÜ’]SÜ”ÜØœÝÏOH‹ˆ™]ˆŽˆYKˆ›XÙ[œÙHŽˆ“RU‹ˆ™\[™[˜ÚY\ÈŽˆÂˆš]\ÝÜÜHŽˆŒKŒL‹ˆ™\Ý™YK]Ø[Ù\ˆŽˆ—ŒËŒŒÈ‹ˆ›XYÚXË\Ýš[™ÈŽˆ—ŒŒÌŒŒH‚ˆKˆ™[™[™ÈŽˆÂˆ\›ŽˆšÎ‹ËÛÜ[˜ÛÛXÝ]™K˜ÛÛKÝš]\Ý‚ˆKˆœY\‘\[™[˜ÚY\ÈŽˆÂˆ›\ÝÈŽˆ—Œ‹ŽH‹ˆš]HŽˆ—‹ŒŒËŒŒŽŒŒ‚ˆKˆœY\‘\[™[˜ÚY\ÓY]HŽˆÂˆ›\ÝÈŽˆÂˆ›Ü[Û˜[ŽˆYBˆKˆš]HŽˆÂˆ›Ü[Û˜[ŽˆYBˆBˆBˆKˆ››ÙWÛ[Ù[\ËÝš]\ÝÛ›ÙWÛ[Ù[\ËÙœÙ]™[ÈŽˆÂˆ™\œÚ[ÛˆŽˆŒ‹ŒËŒÈ‹ˆœ™\ÛÛ™YŽˆšÎ‹ËÜ™YÚ\ÝžK›œZœË›Ü™ËÙœÙ]™[ËËKÙœÙ]™[ËL‹ŒËŒËÞˆ‹ˆš[YÜš]HŽˆœÚMLL‹M^Ñ–
Ù“Ù˜PU˜YÛUÔ‘ÚÔÍÕÛSS\\RÔÍPÌÝŒR™ÑŠÐŒV[VŒÍ]Z[ŒÚÌŒL–›ÒÞ›™”]ÏOH‹ˆ™]ˆŽˆYKˆš\Ò[œÝ[ØÜš\ŽˆYKˆ›XÙ[œÙHŽˆ“RU‹ˆ›Ü[Û˜[ŽˆYKˆ›ÜÈŽˆÂˆ™\Ú[ˆ‚ˆKˆ™[™Ú[™\ÈŽˆÂˆ››ÙHŽˆ—ŽŒM‹ŒŒL‹ŒLLKŒŒ‚ˆBˆKˆ››ÙWÛ[Ù[\ËÝš]\ÝÛ›ÙWÛ[Ù[\ËÜXÛÛX]ÚŽˆÂˆ™\œÚ[ÛˆŽˆŒH‹ˆœ™\ÛÛ™YŽˆšÎ‹ËÜ™YÚ\ÝžK›œZœË›Ü™ËÜXÛÛX]ÚËKÜXÛÛX]ÚMŒKÞˆ‹ˆš[YÜš]HŽˆœÚMLL‹TÝØÜSš’L[˜Õ^˜ZÙ^TÎSŽÒ]ŒÍÑ
ØZYŠÕ’ZÙP^Y–Pš\ÚLŒÍ[’TŒLNKÔŽP™˜NÐ]ÔÚOOH‹ˆ™]ˆŽˆYKˆ›XÙ[œÙHŽˆ“RU‹ˆ™[™Ú[™\ÈŽˆÂˆ››ÙHŽˆLLˆ‚ˆKˆ™[™[™ÈŽˆÂˆ\›ŽˆšÎ‹ËÙÚ]X‹˜ÛÛKÜÜÛœÛÜœËÚ›ÛœØÚ[šÙ\‚ˆBˆKˆ››ÙWÛ[Ù[\ËÝš]\ÝÛ›ÙWÛ[Ù[\ËÝš]HŽˆÂˆ™\œÚ[ÛˆŽˆŽŒK‹ˆœ™\ÛÛ™YŽˆšÎ‹ËÜ™YÚ\ÝžK›œZœË›Ü™ËÝš]KËKÝš]KNŒKÞˆ‹ˆš[YÜš]HŽˆœÚMLL‹X•TÙÓÊÓTSS‘ÎV–TÜSN]ÑÚÍÑž‹ÜÔNXÑœŒÝÍšÙÙYŒÌ”ÐSZ\ZÌÓžŽ”]ÌÓÎ‹ÞšÜSÍTOOH‹ˆ™]ˆŽˆYKˆ›XÙ[œÙHŽˆ“RU‹ˆ™\[™[˜ÚY\ÈŽˆÂˆ›YÚš[™ØÜÜÈŽˆ—ŒKŒÌ‹Œ‹ˆœXÛÛX]ÚŽˆ—ŒH‹ˆœÜÝÜÜÈŽˆ—ŽKŒMˆ‹ˆœ›ÛÝÛˆŽˆŸŒKŒK‹ˆ[žYÛØ˜žHŽˆ—ŒŒ‹ŒMÈ‚ˆKˆ˜š[ˆŽˆÂˆš]HŽˆ˜š[‹Ýš]KšœÈ‚ˆKˆ™[™Ú[™\ÈŽˆÂˆ››ÙHŽˆ—ŒŒŒNKŒLŒ‹ŒL‹Œ‚ˆKˆ™[™[™ÈŽˆÂˆ\›ŽˆšÎ‹ËÙÚ]X‹˜ÛÛKÝš]ZœËÝš]OÜÜÛœÛÜLH‚ˆKˆ›Ü[Û˜[\[™[˜ÚY\ÈŽˆÂˆ™œÙ]™[ÈŽˆŸŒ‹ŒËŒÈ‚ˆKˆœY\‘\[™[˜ÚY\ÈŽˆÂˆ\\ËÛ›ÙHŽˆ—ŒŒŒNKŒLŒ‹ŒL‹Œ‹ˆš]ZœËÙ]ÛÛÈŽˆ—ŒŒËŒ‹ˆ™\ØZ[Žˆ—ŒŒËŒŒŒŽŒ‹ˆšš]HŽˆLKŒŒKŒ‹ˆ›\ÜÈŽˆ—ŒŒ‹ˆœØ\ÜÈŽˆ—ŒKÌŒ‹ˆœØ\ÜËY[X™YYŽˆ—ŒKÌŒ‹ˆœÝ[\ÈŽˆLMŽ‹ˆœÝYØ\œÜÈŽˆ—KŒŒ‹ˆ\œÙ\ˆŽˆ—KŒM‹Œ‹ˆÞŽˆ—ŽŒH‹ˆžX[[Žˆ—Œ‹Œˆ‚ˆKˆœY\‘\[™[˜ÚY\ÓY]HŽˆÂˆ\\ËÛ›ÙHŽˆÂˆ›Ü[Û˜[ŽˆYBˆKˆš]ZœËÙ]ÛÛÈŽˆÂˆ›Ü[Û˜[ŽˆYBˆKˆ™\ØZ[ŽˆÂˆ›Ü[Û˜[ŽˆYBˆKˆšš]HŽˆÂˆ›Ü[Û˜[ŽˆYBˆKˆ›\ÜÈŽˆÂˆ›Ü[Û˜[ŽˆYBˆKˆœØ\ÜÈŽˆÂˆ›Ü[Û˜[ŽˆYBˆKˆœØ\ÜËY[X™YYŽˆÂˆ›Ü[Û˜[ŽˆYBˆKˆœÝ[\ÈŽˆÂˆ›Ü[Û˜[ŽˆYBˆKˆœÝYØ\œÜÈŽˆÂˆ›Ü[Û˜[ŽˆYBˆKˆ\œÙ\ˆŽˆÂˆ›Ü[Û˜[ŽˆYBˆKˆÞŽˆÂˆ›Ü[Û˜[ŽˆYBˆKˆžX[[ŽˆÂˆ›Ü[Û˜[ŽˆYBˆBˆBˆKˆ››ÙWÛ[Ù[\ËÝÚXÚŽˆÂˆ™\œÚ[ÛˆŽˆŒ‹ŒŒˆ‹ˆœ™\ÛÛ™YŽˆšÎ‹ËÜ™YÚ\ÝžK›œZœË›Ü™ËÝÚXÚËKÝÚXÚL‹ŒŒ‹Þˆ‹ˆš[YÜš]HŽˆœÚMLL‹P“LÕUÌÔ›ÌÞ\LÖMJØ]ÜÖ\ÑÐ–UÚÚÜS]˜–Ü“Q
ÞZÜšÌÝQQ’˜VVÚ‘UÍ[ÙØ\Ó“QRÓ“ZšXOOH‹ˆ™]ˆŽˆYKˆ›XÙ[œÙHŽˆ’TÐÈ‹ˆ™\[™[˜ÚY\ÈŽˆÂˆš\Ù^HŽˆ—Œ‹ŒŒ‚ˆKˆ˜š[ˆŽˆÂˆ››ÙK]ÚXÚŽˆ˜š[‹Û›ÙK]ÚXÚ‚ˆKˆ™[™Ú[™\ÈŽˆÂˆ››ÙHŽˆH‚ˆBˆKˆ››ÙWÛ[Ù[\ËÝÚXÚX›ÞY\š[Z]]™HŽˆÂˆ™\œÚ[ÛˆŽˆŒKŒKŒH‹ˆœ™\ÛÛ™YŽˆšÎ‹ËÜ™YÚ\ÝžK›œZœË›Ü™ËÝÚXÚX›ÞY\š[Z]]™KËKÝÚXÚX›ÞY\š[Z]]™KLKŒKŒKÞˆ‹ˆš[YÜš]HŽˆœÚMLL‹U–ÛZŽŒÙÐ‘•›N^ÜXÒTÝÌÓŒ’]QŽ‘”Î^ŒÐÌ–ZQÝœX’œZ•’‹ÞV][œ’ŽYÌZ”ÞZÚœÕÞ’PPOOH‹ˆ™]ˆŽˆYKˆ›XÙ[œÙHŽˆ“RU‹ˆ™\[™[˜ÚY\ÈŽˆÂˆš\ËXšYÚ[Žˆ—ŒKŒKŒ‹ˆš\ËX›ÛÛX[‹[Øš™XÝŽˆ—ŒKŒ‹ŒH‹ˆš\Ë[[X™\‹[Øš™XÝŽˆ—ŒKŒKŒH‹ˆš\Ë\Ýš[™ÈŽˆ—ŒKŒKŒH‹ˆš\Ë\Þ[X›ÛŽˆ—ŒKŒKŒH‚ˆKˆ™[™Ú[™\ÈŽˆÂˆ››ÙHŽˆH‚ˆKˆ™[™[™ÈŽˆÂˆ\›ŽˆšÎ‹ËÙÚ]X‹˜ÛÛKÜÜÛœÛÜœËÛš\˜ˆ‚ˆBˆKˆ››ÙWÛ[Ù[\ËÝÚXÚXZ[[‹]\HŽˆÂˆ™\œÚ[ÛˆŽˆŒKŒ‹ŒH‹ˆœ™\ÛÛ™YŽˆšÎ‹ËÜ™YÚ\ÝžK›œZœË›Ü™ËÝÚXÚXZ[[‹]\KËKÝÚXÚXZ[[‹]\KLKŒ‹ŒKÞˆ‹ˆš[YÜš]HŽˆœÚMLL‹MšP˜Þ›Ö
ÚÑMØLÊÖR›šÕ
ÒÖ”žKÚVS”XÜZÍ‹ÔY›LXŽLÚ]JÞSÒ[ZÙÌ’šS“ØÓŒUPQVŒLÍM”OOH‹ˆ™]ˆŽˆYKˆ›XÙ[œÙHŽˆ“RU‹ˆ™\[™[˜ÚY\ÈŽˆÂˆ˜Ø[X›Ý[™Žˆ—ŒKŒŒˆ‹ˆ™[˜Ý[Û‹œ›ÝÝ\K›˜[YHŽˆ—ŒKŒKˆ‹ˆš\Ë]ÜÝš[™ÝYÈŽˆ—ŒKŒŒˆ‹ˆš\ËX\Þ[˜ËY[˜Ý[ÛˆŽˆ—Œ‹ŒŒ‹ˆš\ËY]K[Øš™XÝŽˆ—ŒKŒKŒ‹ˆš\ËYš[˜[^˜][Ûœ™YÚ\ÝžHŽˆ—ŒKŒKŒ‹ˆš\ËYÙ[™\˜]Ü‹Y[˜Ý[ÛˆŽˆ—ŒKŒŒL‹ˆš\Ë\™YÙ^Žˆ—ŒKŒ‹ŒH‹ˆš\Ë]ÙXZÜ™YˆŽˆ—ŒKŒŒˆ‹ˆš\Ø\œ˜^HŽˆ—Œ‹ŒH‹ˆÚXÚX›ÞY\š[Z]]™HŽˆ—ŒKŒKŒ‹ˆÚXÚXÛÛXÝ[ÛˆŽˆ—ŒKŒŒˆ‹ˆÚXÚ]\YX\œ˜^HŽˆ—ŒKŒKŒMˆ‚ˆKˆ™[™Ú[™\ÈŽˆÂˆ››ÙHŽˆH‚ˆKˆ™[™[™ÈŽˆÂˆ\›ŽˆšÎ‹ËÙÚ]X‹˜ÛÛKÜÜÛœÛÜœËÛš\˜ˆ‚ˆBˆKˆ››ÙWÛ[Ù[\ËÝÚXÚXÛÛXÝ[ÛˆŽˆÂˆ™\œÚ[ÛˆŽˆŒKŒŒˆ‹ˆœ™\ÛÛ™YŽˆšÎ‹ËÜ™YÚ\ÝžK›œZœË›Ü™ËÝÚXÚXÛÛXÝ[Û‹ËKÝÚXÚXÛÛXÝ[Û‹LKŒŒ‹Þˆ‹ˆš[YÜš]HŽˆœÚMLL‹RÍ•žZ›™Ý˜Î–MšØS‘SŽLÌÔÝÖSÝP‘šÙPNV™šØÐX™˜œU‘Z–‹ØTZ”–\QTÕ‘\ÌÎQÚZ\X›™ÐÝÏOH‹ˆ™]ˆŽˆYKˆ›XÙ[œÙHŽˆ“RU‹ˆ™\[™[˜ÚY\ÈŽˆÂˆš\Ë[X\Žˆ—Œ‹ŒŒÈ‹ˆš\Ë\Ù]Žˆ—Œ‹ŒŒÈ‹ˆš\Ë]ÙXZÛX\Žˆ—Œ‹ŒŒˆ‹ˆš\Ë]ÙXZÜÙ]Žˆ—Œ‹ŒŒÈ‚ˆKˆ™[™Ú[™\ÈŽˆÂˆ››ÙHŽˆH‚ˆKˆ™[™[™ÈŽˆÂˆ\›ŽˆšÎ‹ËÙÚ]X‹˜ÛÛKÜÜÛœÛÜœËÛš\˜ˆ‚ˆBˆKˆ››ÙWÛ[Ù[\ËÝÚXÚ]\YX\œ˜^HŽˆÂˆ™\œÚ[ÛˆŽˆŒKŒKŒŒˆ‹ˆœ™\ÛÛ™YŽˆšÎ‹ËÜ™YÚ\ÝžK›œZœË›Ü™ËÝÚXÚ]\YX\œ˜^KËKÝÚXÚ]\YX\œ˜^KLKŒKŒŒ‹Þˆ‹ˆš[YÜš]HŽˆœÚMLL‹Y“Í^ÓQœÜ^ZÌÐZTSØ“]VL[\YÖXÞ˜ÍPÓ™ÑPÓÒ“™Ô^]œÓÕÕØ–˜ÊÜYŒÜž”Ú’ÊÐÓQ]ŒPÖ\ÏOH‹ˆ™]ˆŽˆYKˆ›XÙ[œÙHŽˆ“RU‹ˆ™\[™[˜ÚY\ÈŽˆÂˆ˜]˜Z[X›K]\YX\œ˜^\ÈŽˆ—ŒKŒÈ‹ˆ˜Ø[Xš[™Žˆ—ŒKŒŽH‹ˆ˜Ø[X›Ý[™Žˆ—ŒKŒ‹ˆ™›Ü‹YXXÚŽˆ—ŒŒËH‹ˆ™Ù]\›ÝÈŽˆ—ŒKŒŒH‹ˆ™ÛÜŽˆ—ŒKŒ‹Œ‹ˆš\Ë]ÜÝš[™ÝYÈŽˆ—ŒKŒŒˆ‚ˆKˆ™[™Ú[™\ÈŽˆÂˆ››ÙHŽˆH‚ˆKˆ™[™[™ÈŽˆÂˆ\›ŽˆšÎ‹ËÙÚ]X‹˜ÛÛKÜÜÛœÛÜœËÛš\˜ˆ‚ˆBˆKˆ››ÙWÛ[Ù[\ËÝÚKZ\Ë[›ÙK\[›š[™ÈŽˆÂˆ™\œÚ[ÛˆŽˆŒ‹ŒËŒ‹ˆœ™\ÛÛ™YŽˆšÎ‹ËÜ™YÚ\ÝžK›œZœË›Ü™ËÝÚKZ\Ë[›ÙK\[›š[™ËËKÝÚKZ\Ë[›ÙK\[›š[™ËL‹ŒËŒÞˆ‹ˆš[YÜš]HŽˆœÚMLL‹Z\›XUÐ™‘Þ–\[žZ^[’Þ”“ÕÚ˜–•SžN‘ZšÔÍÙZQZX–Ö›]ÝUÛZR^SŠÐÞVQ›ZÛÎ“›NÏOH‹ˆ™]ˆŽˆYKˆ›XÙ[œÙHŽˆ“RU‹ˆ™\[™[˜ÚY\ÈŽˆÂˆœÚYÚ[™›ÈŽˆ—Œ‹ŒŒ‹ˆœÝXÚØ˜XÚÈŽˆŒŒŒˆ‚ˆKˆ˜š[ˆŽˆÂˆÚKZ\Ë[›ÙK\[›š[™ÈŽˆ˜ÛKšœÈ‚ˆKˆ™[™Ú[™\ÈŽˆÂˆ››ÙHŽˆN‚ˆBˆKˆ››ÙWÛ[Ù[\ËÝÛÜ™]Ü˜\ŽˆÂˆ™\œÚ[ÛˆŽˆŒKŒ‹H‹ˆœ™\ÛÛ™YŽˆšÎ‹ËÜ™YÚ\ÝžK›œZœË›Ü™ËÝÛÜ™]Ü˜\ËKÝÛÜ™]Ü˜\LKŒ‹KÞˆ‹ˆš[YÜš]HŽˆœÚMLL‹P“ŒŒYXSSRNUS]œ‘ÙYÍYPÖTÔ^L’––\ØU^–^‘“ØÚÔÍLÔÔQLÜÚÕ›ÕÜ˜ŒÐœ–XÑSØMMPXÐOOH‹ˆ™]ˆŽˆYKˆ›XÙ[œÙHŽˆ“RU‹ˆ™[™Ú[™\ÈŽˆÂˆ››ÙHŽˆLŒLŒ‚ˆBˆKˆ››ÙWÛ[Ù[\ËÝÜ˜\HŽˆÂˆ™\œÚ[ÛˆŽˆŒKŒŒˆ‹ˆœ™\ÛÛ™YŽˆšÎ‹ËÜ™YÚ\ÝžK›œZœË›Ü™ËÝÜ˜\KËKÝÜ˜\KLKŒŒ‹Þˆ‹ˆš[YÜš]HŽˆœÚMLL‹[ÜÑœÙ[ÜŽ]Ó‘]•ŒŠÕT[ŒÙZÔ–‹ÜÜVÙÚX•ŽRÛÌ^\ÖŒÝMËÒTSÍÞÑ™ÜT˜ÔŒÔPÝ™^”ÔOOH‹ˆ›XÙ[œÙHŽˆ’TÐÈ‚ˆKˆ››ÙWÛ[Ù[\ËÞ[Ú\œÈŽˆÂˆ™\œÚ[ÛˆŽˆŒ‹Œ‹Œ‹ˆœ™\ÛÛ™YŽˆšÎ‹ËÜ™YÚ\ÝžK›œZœË›Ü™ËÞ[Ú\œËËKÞ[Ú\œËL‹Œ‹ŒÞˆ‹ˆš[YÜš]HŽˆœÚMLL‹R–›‘ÒÎŒÑÎ“™R\’ÊÒRÊÜÍÓŽšÜÒMÔÒ]ULÕV’œÛ]ÚJÝUÐ•VSÝÔÕÍÕÍÔ“™•RÜ‘ÝÏOH‹ˆ›XÙ[œÙHŽˆ“RU‚ˆKˆ››ÙWÛ[Ù[\ËÞX[\ÝŽˆÂˆ™\œÚ[ÛˆŽˆŒËŒKŒH‹ˆœ™\ÛÛ™YŽˆšÎ‹ËÜ™YÚ\ÝžK›œZœË›Ü™ËÞX[\ÝËKÞX[\ÝLËŒKŒKÞˆ‹ˆš[YÜš]HŽˆœÚMLL‹XMQÔXUÔN[SÖV[QÌ™]Û˜ÔTÍMÕŒÒ›ÐSJÜÌ•‘[TÎSœÒÎÜSÒÜÑ•ÚÒÍ•ÛÕS›ŒœÔ›ÖÏOH‹ˆ™]ˆŽˆYKˆ›XÙ[œÙHŽˆ’TÐÈ‚ˆKˆ››ÙWÛ[Ù[\ËÞ[ØÝË\]Y]YHŽˆÂˆ™\œÚ[ÛˆŽˆŒŒKŒ‹ˆœ™\ÛÛ™YŽˆšÎ‹ËÜ™YÚ\ÝžK›œZœË›Ü™ËÞ[ØÝË\]Y]YKËKÞ[ØÝË\]Y]YKLŒKŒÞˆ‹ˆš[YÜš]HŽˆœÚMLL‹\•šÜÝœÛ“Ù‹ÛÚØÍžÔÞSŽZPÞÚSN^QKÝÛSÕœR™]ÔSÌ[ZSZT™ÕÐÓ^YPQ•˜YÝÍÒS–Œ”OOH‹ˆ™]ˆŽˆYKˆ›XÙ[œÙHŽˆ“RU‹ˆ™[™Ú[™\ÈŽˆÂˆ››ÙHŽˆLL‚ˆKˆ™[™[™ÈŽˆÂˆ\›ŽˆšÎ‹ËÙÚ]X‹˜ÛÛKÜÜÛœÛÜœËÜÚ[™™\ÛÜš\È‚ˆBˆKˆ››ÙWÛ[Ù[\ËÞš\\Ý™X[HŽˆÂˆ™\œÚ[ÛˆŽˆŒKŒH‹ˆœ™\ÛÛ™YŽˆšÎ‹ËÜ™YÚ\ÝžK›œZœË›Ü™ËÞš\\Ý™X[KËKÞš\\Ý™X[KMŒKŒKÞˆ‹ˆš[YÜš]HŽˆœÚMLL‹N\]›[ÜÍMŽZÊÝ“R““ŒÖQ“YN\Ö“\™’ÛÚ›Ô•ÙPÐœÝÔTYž
Ú\ÐUÜLSMÌ˜Ø˜R’œÍšTOOH‹ˆ›XÙ[œÙHŽˆ“RU‹ˆ™\[™[˜ÚY\ÈŽˆÂˆ˜\˜Ú]™\‹]][ÈŽˆ—ŒËŒ‹ˆ˜ÛÛ\™\ÜËXÛÛ[[ÛœÈŽˆ—ŒKŒˆ‹ˆœ™XYX›K\Ý™X[HŽˆ—ŒË‹Œ‚ˆKˆ™[™Ú[™\ÈŽˆÂˆ››ÙHŽˆHL‚ˆBˆKˆ››ÙWÛ[Ù[\ËÞš\\Ý™X[KÛ›ÙWÛ[Ù[\ËØ\˜Ú]™\‹]][ÈŽˆÂˆ™\œÚ[ÛˆŽˆŒËŒ‹ˆœ™\ÛÛ™YŽˆšÎ‹ËÜ™YÚ\ÝžK›œZœË›Ü™ËØ\˜Ú]™\‹]][ËËKØ\˜Ú]™\‹]][ËLËŒÞˆ‹ˆš[YÜš]HŽˆœÚMLL‹RÕ™ÙUœ•šUÛ^˜ÝMžÛ”Ž[Û‘^Y’LZšËÓTM’\Ö‘YÕJÝKÊÜšÕÛ˜KÍ’›ÒTZ[Ø\Q”TžÏOH‹ˆ›XÙ[œÙHŽˆ“RU‹ˆ™\[™[˜ÚY\ÈŽˆÂˆ™ÛØˆŽˆ—ËŒ‹ŒÈ‹ˆ™Ü˜XÙY[YœÈŽˆ—Œ‹Œ‹ˆ›^ž\Ý™X[HŽˆ—ŒKŒŒ‹ˆ›Ù\Ú™Y˜][ÈŽˆ—Œ‹Œ‹ˆ›Ù\Ú™Y™™\™[˜ÙHŽˆ—KŒ‹ˆ›Ù\Ú™›][ˆŽˆ—Œ‹ˆ›Ù\Úš\ÜZ[›Øš™XÝŽˆ—Œˆ‹ˆ›Ù\Ú[š[ÛˆŽˆ—‹Œ‹ˆ››Ü›X[^™K\]Žˆ—ŒËŒŒ‹ˆœ™XYX›K\Ý™X[HŽˆ—ŒË‹Œ‚ˆKˆ™[™Ú[™\ÈŽˆÂˆ››ÙHŽˆHL‚ˆBˆKˆ››ÙWÛ[Ù[\ËÞ›ÙŽˆÂˆ™\œÚ[ÛˆŽˆŒÈ‹ˆœ™\ÛÛ™YŽˆšÎ‹ËÜ™YÚ\ÝžK›œZœË›Ü™ËÞ›ÙËKÞ›ÙMŒËÞˆ‹ˆš[YÜš]HŽˆœÚMLL‹^]S‘š’R‘›•]ÖYÛLš˜ÚÌ’ÛMÒ‘“TÖÙ’”P’SŽQ˜Þ\Û‘ZUÓR“UŒKÐœUÙ•ËÚÚÙÍÌUQÒžUOOH‹ˆ›XÙ[œÙHŽˆ“RU‹ˆ™[™[™ÈŽˆÂˆ\›ŽˆšÎ‹ËÙÚ]X‹˜ÛÛKÜÜÛœÛÜœËØÛÛ[šXÚÜÈ‚ˆBˆKˆ››ÙWÛ[Ù[\ËÞ›Ù]˜[Y][Û‹Y\œ›ÜˆŽˆÂˆ™\œÚ[ÛˆŽˆŒŒˆ‹ˆœ™\ÛÛ™YŽˆšÎ‹ËÜ™YÚ\ÝžK›œZœË›Ü™ËÞ›Ù]˜[Y][Û‹Y\œ›Ü‹ËKÞ›Ù]˜[Y][Û‹Y\œ›Ü‹MŒŒ‹Þˆ‹ˆš[YÜš]HŽˆœÚMLL‹TM‹Û–“MšžUNX‹ÍR]Œ•‘V”Z”R“ž”MÞUØÍ•‘ŒÑÒØ‹Ù]T]”[šÌÚ˜ZÙŽPÜÕÙ\ÙÚOOH‹ˆ™]ˆŽˆYKˆ›XÙ[œÙHŽˆ“RU‹ˆ™[™Ú[™\ÈŽˆÂˆ››ÙHŽˆLNŒŒ‚ˆKˆœY\‘\[™[˜ÚY\ÈŽˆÂˆž›ÙŽˆ—ŒËŒKŒŒŒ‚ˆBˆBˆBŸB